
Microsoft Visual Studio Solution File, Format Version 12.00
# Visual Studio Version 17
VisualStudioVersion = 17.8.34322.80
MinimumVisualStudioVersion = 10.0.40219.1
Project("{FAE04EC0-301F-11D3-BF4B-00C04F79EFBC}") = "Day12", "Day12.csproj", "{354544E0-32BD-41A5-9202-470BE38ADDF4}"
EndProject
Global
	GlobalSection(SolutionConfigurationPlatforms) = preSolution
		Debug|Any CPU = Debug|Any CPU
		Release|Any CPU = Release|Any CPU
	EndGlobalSection
	GlobalSection(ProjectConfigurationPlatforms) = postSolution
		{354544E0-32BD-41A5-9202-470BE38ADDF4}.Debug|Any CPU.ActiveCfg = Debug|Any CPU
		{354544E0-32BD-41A5-9202-470BE38ADDF4}.Debug|Any CPU.Build.0 = Debug|Any CPU
		{354544E0-32BD-41A5-9202-470BE38ADDF4}.Release|Any CPU.ActiveCfg = Release|Any CPU
		{354544E0-32BD-41A5-9202-470BE38ADDF4}.Release|Any CPU.Build.0 = Release|Any CPU
	EndGlobalSection
	GlobalSection(SolutionProperties) = preSolution
		HideSolutionNode = FALSE
	EndGlobalSection
	GlobalSection(ExtensibilityGlobals) = postSolution
		SolutionGuid = {7999F5AB-02BE-4E84-BB52-9A05B6C79BBD}
	EndGlobalSection
EndGlobal
